
Microsoft Visual Studio Solution File, Format Version 12.00
# Visual Studio Version 17
VisualStudioVersion = 17.10.34928.147
MinimumVisualStudioVersion = 10.0.40219.1
Project("{FAE04EC0-301F-11D3-BF4B-00C04F79EFBC}") = "Game_KEOBUABAO", "Game_KEOBUABAO.csproj", "{61266839-0DC7-482D-9D3C-78842FC027C2}"
EndProject
Global
	GlobalSection(SolutionConfigurationPlatforms) = preSolution
		Debug|Any CPU = Debug|Any CPU
		Release|Any CPU = Release|Any CPU
	EndGlobalSection
	GlobalSection(ProjectConfigurationPlatforms) = postSolution
		{61266839-0DC7-482D-9D3C-78842FC027C2}.Debug|Any CPU.ActiveCfg = Debug|Any CPU
		{61266839-0DC7-482D-9D3C-78842FC027C2}.Debug|Any CPU.Build.0 = Debug|Any CPU
		{61266839-0DC7-482D-9D3C-78842FC027C2}.Release|Any CPU.ActiveCfg = Release|Any CPU
		{61266839-0DC7-482D-9D3C-78842FC027C2}.Release|Any CPU.Build.0 = Release|Any CPU
	EndGlobalSection
	GlobalSection(SolutionProperties) = preSolution
		HideSolutionNode = FALSE
	EndGlobalSection
	GlobalSection(ExtensibilityGlobals) = postSolution
		SolutionGuid = {5DC223EC-2A0E-4E6E-B59E-03485648E4E6}
	EndGlobalSection
EndGlobal
